
Microsoft Visual Studio Solution File, Format Version 12.00
# Visual Studio Version 17
VisualStudioVersion = 17.12.35707.178 d17.12
MinimumVisualStudioVersion = 10.0.40219.1
Project("{FAE04EC0-301F-11D3-BF4B-00C04F79EFBC}") = "FinEdge.Domain", "FinEdge.Domain\FinEdge.Domain.csproj", "{938D3ACB-4172-49CC-AF82-D931EA2C5A45}"
EndProject
Project("{FAE04EC0-301F-11D3-BF4B-00C04F79EFBC}") = "FinEdge.Application", "FinEdge.Application\FinEdge.Application.csproj", "{CA406B6F-2A03-493E-BE1C-13B07ED7094E}"
EndProject
Project("{FAE04EC0-301F-11D3-BF4B-00C04F79EFBC}") = "FinEdge.Infrasturcture", "FinEdge.Infrasturcture\FinEdge.Infrasturcture.csproj", "{89A97AFC-D6C0-4E8F-B428-CD2496B7789D}"
EndProject
Project("{FAE04EC0-301F-11D3-BF4B-00C04F79EFBC}") = "FinEdge.API", "FinEdge.API\FinEdge.API.csproj", "{927E7EB4-0FAA-4A8F-AE46-FC258CD059E4}"
EndProject
Global
	GlobalSection(SolutionConfigurationPlatforms) = preSolution
		Debug|Any CPU = Debug|Any CPU
		Release|Any CPU = Release|Any CPU
	EndGlobalSection
	GlobalSection(ProjectConfigurationPlatforms) = postSolution
		{938D3ACB-4172-49CC-AF82-D931EA2C5A45}.Debug|Any CPU.ActiveCfg = Debug|Any CPU
		{938D3ACB-4172-49CC-AF82-D931EA2C5A45}.Debug|Any CPU.Build.0 = Debug|Any CPU
		{938D3ACB-4172-49CC-AF82-D931EA2C5A45}.Release|Any CPU.ActiveCfg = Release|Any CPU
		{938D3ACB-4172-49CC-AF82-D931EA2C5A45}.Release|Any CPU.Build.0 = Release|Any CPU
		{CA406B6F-2A03-493E-BE1C-13B07ED7094E}.Debug|Any CPU.ActiveCfg = Debug|Any CPU
		{CA406B6F-2A03-493E-BE1C-13B07ED7094E}.Debug|Any CPU.Build.0 = Debug|Any CPU
		{CA406B6F-2A03-493E-BE1C-13B07ED7094E}.Release|Any CPU.ActiveCfg = Release|Any CPU
		{CA406B6F-2A03-493E-BE1C-13B07ED7094E}.Release|Any CPU.Build.0 = Release|Any CPU
		{89A97AFC-D6C0-4E8F-B428-CD2496B7789D}.Debug|Any CPU.ActiveCfg = Debug|Any CPU
		{89A97AFC-D6C0-4E8F-B428-CD2496B7789D}.Debug|Any CPU.Build.0 = Debug|Any CPU
		{89A97AFC-D6C0-4E8F-B428-CD2496B7789D}.Release|Any CPU.ActiveCfg = Release|Any CPU
		{89A97AFC-D6C0-4E8F-B428-CD2496B7789D}.Release|Any CPU.Build.0 = Release|Any CPU
		{927E7EB4-0FAA-4A8F-AE46-FC258CD059E4}.Debug|Any CPU.ActiveCfg = Debug|Any CPU
		{927E7EB4-0FAA-4A8F-AE46-FC258CD059E4}.Debug|Any CPU.Build.0 = Debug|Any CPU
		{927E7EB4-0FAA-4A8F-AE46-FC258CD059E4}.Release|Any CPU.ActiveCfg = Release|Any CPU
		{927E7EB4-0FAA-4A8F-AE46-FC258CD059E4}.Release|Any CPU.Build.0 = Release|Any CPU
	EndGlobalSection
	GlobalSection(SolutionProperties) = preSolution
		HideSolutionNode = FALSE
	EndGlobalSection
EndGlobal
